// !$*UTF8*$!
{
	archiveVersion = 1;
	classes = {
	};
	objectVersion = 46;
	objects = {

/* Begin PBXBuildFile section */
		FD07341C1E776B6F004D2591 /* TileSet.sks in Resources */ = {isa = PBXBuildFile; fileRef = FD07341B1E776B6F004D2591 /* TileSet.sks */; };
		FD6F8BDD1E821E2D0079A663 /* MainViewController.swift in Sources */ = {isa = PBXBuildFile; fileRef = FD6F8BDC1E821E2D0079A663 /* MainViewController.swift */; };
		FD6F8BDF1E821E870079A663 /* LandingViewController.swift in Sources */ = {isa = PBXBuildFile; fileRef = FD6F8BDE1E821E870079A663 /* LandingViewController.swift */; };
		FD6F8BE11E821EAC0079A663 /* CreditViewController.swift in Sources */ = {isa = PBXBuildFile; fileRef = FD6F8BE01E821EAC0079A663 /* CreditViewController.swift */; };
		FD6F8BE31E821EE30079A663 /* LandingView.swift in Sources */ = {isa = PBXBuildFile; fileRef = FD6F8BE21E821EE30079A663 /* LandingView.swift */; };
		FD6F8BE51E821F100079A663 /* CreditView.swift in Sources */ = {isa = PBXBuildFile; fileRef = FD6F8BE41E821F100079A663 /* CreditView.swift */; };
		FD6F8BE91E8431440079A663 /* GameLevelMenuView.swift in Sources */ = {isa = PBXBuildFile; fileRef = FD6F8BE81E8431440079A663 /* GameLevelMenuView.swift */; };
		FD6F8BEB1E8432860079A663 /* LevelSelectionViewController.swift in Sources */ = {isa = PBXBuildFile; fileRef = FD6F8BEA1E8432860079A663 /* LevelSelectionViewController.swift */; };
		FD6F8BED1E8432B50079A663 /* LevelSelectionView.swift in Sources */ = {isa = PBXBuildFile; fileRef = FD6F8BEC1E8432B50079A663 /* LevelSelectionView.swift */; };
		FD6F8BEF1E8449530079A663 /* Level2.csv in Resources */ = {isa = PBXBuildFile; fileRef = FD6F8BEE1E8449530079A663 /* Level2.csv */; };
		FD6F8BF11E845C5D0079A663 /* LevelSelectionCollectionViewCell.swift in Sources */ = {isa = PBXBuildFile; fileRef = FD6F8BF01E845C5D0079A663 /* LevelSelectionCollectionViewCell.swift */; };
		FD6F8BF31E8464B70079A663 /* Level3.csv in Resources */ = {isa = PBXBuildFile; fileRef = FD6F8BF21E8464B70079A663 /* Level3.csv */; };
		FD6F8BF91E8470090079A663 /* LevelSelectionInfo.swift in Sources */ = {isa = PBXBuildFile; fileRef = FD6F8BF81E8470090079A663 /* LevelSelectionInfo.swift */; };
		FD6F8BFB1E8473F70079A663 /* GameLevelCompleteView.swift in Sources */ = {isa = PBXBuildFile; fileRef = FD6F8BFA1E8473F70079A663 /* GameLevelCompleteView.swift */; };
		FD6F8BFD1E84C04C0079A663 /* FinishLine.swift in Sources */ = {isa = PBXBuildFile; fileRef = FD6F8BFC1E84C04C0079A663 /* FinishLine.swift */; };
		FD6F8BFF1E856D160079A663 /* Level4.csv in Resources */ = {isa = PBXBuildFile; fileRef = FD6F8BFE1E856D160079A663 /* Level4.csv */; };
		FD6F8C011E858E050079A663 /* UIExtensions.swift in Sources */ = {isa = PBXBuildFile; fileRef = FD6F8C001E858E050079A663 /* UIExtensions.swift */; };
		FD6F8C031E85F4B60079A663 /* Level5.csv in Resources */ = {isa = PBXBuildFile; fileRef = FD6F8C021E85F4B60079A663 /* Level5.csv */; };
		FD6F8C061E88502B0079A663 /* GameLevelOverView.swift in Sources */ = {isa = PBXBuildFile; fileRef = FD6F8C051E88502B0079A663 /* GameLevelOverView.swift */; };
		FD6F8C081E8AA76C0079A663 /* HudHealthBar.swift in Sources */ = {isa = PBXBuildFile; fileRef = FD6F8C071E8AA76C0079A663 /* HudHealthBar.swift */; };
		FDEF8C001E6DE35000492121 /* AppDelegate.swift in Sources */ = {isa = PBXBuildFile; fileRef = FDEF8BFF1E6DE35000492121 /* AppDelegate.swift */; };
		FDEF8C041E6DE35000492121 /* Actions.sks in Resources */ = {isa = PBXBuildFile; fileRef = FDEF8C031E6DE35000492121 /* Actions.sks */; };
		FDEF8C061E6DE35000492121 /* GameLevelScene.swift in Sources */ = {isa = PBXBuildFile; fileRef = FDEF8C051E6DE35000492121 /* GameLevelScene.swift */; };
		FDEF8C081E6DE35000492121 /* GameLevelViewController.swift in Sources */ = {isa = PBXBuildFile; fileRef = FDEF8C071E6DE35000492121 /* GameLevelViewController.swift */; };
		FDEF8C0B1E6DE35000492121 /* Main.storyboard in Resources */ = {isa = PBXBuildFile; fileRef = FDEF8C091E6DE35000492121 /* Main.storyboard */; };
		FDEF8C0D1E6DE35000492121 /* Assets.xcassets in Resources */ = {isa = PBXBuildFile; fileRef = FDEF8C0C1E6DE35000492121 /* Assets.xcassets */; };
		FDEF8C101E6DE35000492121 /* LaunchScreen.storyboard in Resources */ = {isa = PBXBuildFile; fileRef = FDEF8C0E1E6DE35000492121 /* LaunchScreen.storyboard */; };
		FDEF8C181E6DE3D000492121 /* Player.swift in Sources */ = {isa = PBXBuildFile; fileRef = FDEF8C171E6DE3D000492121 /* Player.swift */; };
		FDEF8C1A1E6DE41200492121 /* Obstacle.swift in Sources */ = {isa = PBXBuildFile; fileRef = FDEF8C191E6DE41200492121 /* Obstacle.swift */; };
		FDEF8C1C1E6DE89E00492121 /* HudLayer.swift in Sources */ = {isa = PBXBuildFile; fileRef = FDEF8C1B1E6DE89E00492121 /* HudLayer.swift */; };
		FDEF8C1E1E6DE97A00492121 /* SceneObstacles.swift in Sources */ = {isa = PBXBuildFile; fileRef = FDEF8C1D1E6DE97A00492121 /* SceneObstacles.swift */; };
		FDEF8C201E6E239B00492121 /* Constants.swift in Sources */ = {isa = PBXBuildFile; fileRef = FDEF8C1F1E6E239B00492121 /* Constants.swift */; };
		FDEF8C221E6E62A600492121 /* HealthController.swift in Sources */ = {isa = PBXBuildFile; fileRef = FDEF8C211E6E62A600492121 /* HealthController.swift */; };
		FDEF8C241E70943400492121 /* PlayerSprite.swift in Sources */ = {isa = PBXBuildFile; fileRef = FDEF8C231E70943400492121 /* PlayerSprite.swift */; };
		FDEF8C271E7097AE00492121 /* PlayerStatistics.swift in Sources */ = {isa = PBXBuildFile; fileRef = FDEF8C261E7097AE00492121 /* PlayerStatistics.swift */; };
		FDEF8C2A1E74F18D00492121 /* StageLayout.swift in Sources */ = {isa = PBXBuildFile; fileRef = FDEF8C291E74F18D00492121 /* StageLayout.swift */; };
		FDEF8C321E74FFB600492121 /* Level1.csv in Resources */ = {isa = PBXBuildFile; fileRef = FDEF8C311E74FFB600492121 /* Level1.csv */; };
/* End PBXBuildFile section */

/* Begin PBXFileReference section */
		FD07341B1E776B6F004D2591 /* TileSet.sks */ = {isa = PBXFileReference; lastKnownFileType = file.sks; path = TileSet.sks; sourceTree = "<group>"; };
		FD6F8BDC1E821E2D0079A663 /* MainViewController.swift */ = {isa = PBXFileReference; fileEncoding = 4; lastKnownFileType = sourcecode.swift; path = MainViewController.swift; sourceTree = "<group>"; };
		FD6F8BDE1E821E870079A663 /* LandingViewController.swift */ = {isa = PBXFileReference; fileEncoding = 4; lastKnownFileType = sourcecode.swift; path = LandingViewController.swift; sourceTree = "<group>"; };
		FD6F8BE01E821EAC0079A663 /* CreditViewController.swift */ = {isa = PBXFileReference; fileEncoding = 4; lastKnownFileType = sourcecode.swift; path = CreditViewController.swift; sourceTree = "<group>"; };
		FD6F8BE21E821EE30079A663 /* LandingView.swift */ = {isa = PBXFileReference; fileEncoding = 4; lastKnownFileType = sourcecode.swift; path = LandingView.swift; sourceTree = "<group>"; };
		FD6F8BE41E821F100079A663 /* CreditView.swift */ = {isa = PBXFileReference; fileEncoding = 4; lastKnownFileType = sourcecode.swift; path = CreditView.swift; sourceTree = "<group>"; };
		FD6F8BE81E8431440079A663 /* GameLevelMenuView.swift */ = {isa = PBXFileReference; fileEncoding = 4; lastKnownFileType = sourcecode.swift; path = GameLevelMenuView.swift; sourceTree = "<group>"; };
		FD6F8BEA1E8432860079A663 /* LevelSelectionViewController.swift */ = {isa = PBXFileReference; fileEncoding = 4; lastKnownFileType = sourcecode.swift; path = LevelSelectionViewController.swift; sourceTree = "<group>"; };
		FD6F8BEC1E8432B50079A663 /* LevelSelectionView.swift */ = {isa = PBXFileReference; fileEncoding = 4; lastKnownFileType = sourcecode.swift; path = LevelSelectionView.swift; sourceTree = "<group>"; };
		FD6F8BEE1E8449530079A663 /* Level2.csv */ = {isa = PBXFileReference; fileEncoding = 4; lastKnownFileType = text; path = Level2.csv; sourceTree = "<group>"; };
		FD6F8BF01E845C5D0079A663 /* LevelSelectionCollectionViewCell.swift */ = {isa = PBXFileReference; fileEncoding = 4; lastKnownFileType = sourcecode.swift; path = LevelSelectionCollectionViewCell.swift; sourceTree = "<group>"; };
		FD6F8BF21E8464B70079A663 /* Level3.csv */ = {isa = PBXFileReference; fileEncoding = 4; lastKnownFileType = text; path = Level3.csv; sourceTree = "<group>"; };
		FD6F8BF81E8470090079A663 /* LevelSelectionInfo.swift */ = {isa = PBXFileReference; fileEncoding = 4; lastKnownFileType = sourcecode.swift; path = LevelSelectionInfo.swift; sourceTree = "<group>"; };
		FD6F8BFA1E8473F70079A663 /* GameLevelCompleteView.swift */ = {isa = PBXFileReference; fileEncoding = 4; lastKnownFileType = sourcecode.swift; path = GameLevelCompleteView.swift; sourceTree = "<group>"; };
		FD6F8BFC1E84C04C0079A663 /* FinishLine.swift */ = {isa = PBXFileReference; fileEncoding = 4; lastKnownFileType = sourcecode.swift; path = FinishLine.swift; sourceTree = "<group>"; };
		FD6F8BFE1E856D160079A663 /* Level4.csv */ = {isa = PBXFileReference; fileEncoding = 4; lastKnownFileType = text; path = Level4.csv; sourceTree = "<group>"; };
		FD6F8C001E858E050079A663 /* UIExtensions.swift */ = {isa = PBXFileReference; fileEncoding = 4; lastKnownFileType = sourcecode.swift; path = UIExtensions.swift; sourceTree = "<group>"; };
		FD6F8C021E85F4B60079A663 /* Level5.csv */ = {isa = PBXFileReference; fileEncoding = 4; lastKnownFileType = text; path = Level5.csv; sourceTree = "<group>"; };
		FD6F8C051E88502B0079A663 /* GameLevelOverView.swift */ = {isa = PBXFileReference; fileEncoding = 4; lastKnownFileType = sourcecode.swift; path = GameLevelOverView.swift; sourceTree = "<group>"; };
		FD6F8C071E8AA76C0079A663 /* HudHealthBar.swift */ = {isa = PBXFileReference; fileEncoding = 4; lastKnownFileType = sourcecode.swift; path = HudHealthBar.swift; sourceTree = "<group>"; };
		FDEF8BFC1E6DE35000492121 /* Tread.app */ = {isa = PBXFileReference; explicitFileType = wrapper.application; includeInIndex = 0; path = Tread.app; sourceTree = BUILT_PRODUCTS_DIR; };
		FDEF8BFF1E6DE35000492121 /* AppDelegate.swift */ = {isa = PBXFileReference; lastKnownFileType = sourcecode.swift; path = AppDelegate.swift; sourceTree = "<group>"; };
		FDEF8C031E6DE35000492121 /* Actions.sks */ = {isa = PBXFileReference; lastKnownFileType = file.sks; path = Actions.sks; sourceTree = "<group>"; };
		FDEF8C051E6DE35000492121 /* GameLevelScene.swift */ = {isa = PBXFileReference; lastKnownFileType = sourcecode.swift; path = GameLevelScene.swift; sourceTree = "<group>"; };
		FDEF8C071E6DE35000492121 /* GameLevelViewController.swift */ = {isa = PBXFileReference; lastKnownFileType = sourcecode.swift; path = GameLevelViewController.swift; sourceTree = "<group>"; };
		FDEF8C0A1E6DE35000492121 /* Base */ = {isa = PBXFileReference; lastKnownFileType = file.storyboard; name = Base; path = Base.lproj/Main.storyboard; sourceTree = "<group>"; };
		FDEF8C0C1E6DE35000492121 /* Assets.xcassets */ = {isa = PBXFileReference; lastKnownFileType = folder.assetcatalog; path = Assets.xcassets; sourceTree = "<group>"; };
		FDEF8C0F1E6DE35000492121 /* Base */ = {isa = PBXFileReference; lastKnownFileType = file.storyboard; name = Base; path = Base.lproj/LaunchScreen.storyboard; sourceTree = "<group>"; };
		FDEF8C111E6DE35000492121 /* Info.plist */ = {isa = PBXFileReference; lastKnownFileType = text.plist.xml; path = Info.plist; sourceTree = "<group>"; };
		FDEF8C171E6DE3D000492121 /* Player.swift */ = {isa = PBXFileReference; fileEncoding = 4; lastKnownFileType = sourcecode.swift; path = Player.swift; sourceTree = "<group>"; };
		FDEF8C191E6DE41200492121 /* Obstacle.swift */ = {isa = PBXFileReference; fileEncoding = 4; lastKnownFileType = sourcecode.swift; path = Obstacle.swift; sourceTree = "<group>"; };
		FDEF8C1B1E6DE89E00492121 /* HudLayer.swift */ = {isa = PBXFileReference; fileEncoding = 4; lastKnownFileType = sourcecode.swift; path = HudLayer.swift; sourceTree = "<group>"; };
		FDEF8C1D1E6DE97A00492121 /* SceneObstacles.swift */ = {isa = PBXFileReference; fileEncoding = 4; lastKnownFileType = sourcecode.swift; path = SceneObstacles.swift; sourceTree = "<group>"; };
		FDEF8C1F1E6E239B00492121 /* Constants.swift */ = {isa = PBXFileReference; fileEncoding = 4; lastKnownFileType = sourcecode.swift; path = Constants.swift; sourceTree = "<group>"; };
		FDEF8C211E6E62A600492121 /* HealthController.swift */ = {isa = PBXFileReference; fileEncoding = 4; lastKnownFileType = sourcecode.swift; path = HealthController.swift; sourceTree = "<group>"; };
		FDEF8C231E70943400492121 /* PlayerSprite.swift */ = {isa = PBXFileReference; fileEncoding = 4; lastKnownFileType = sourcecode.swift; path = PlayerSprite.swift; sourceTree = "<group>"; };
		FDEF8C261E7097AE00492121 /* PlayerStatistics.swift */ = {isa = PBXFileReference; fileEncoding = 4; lastKnownFileType = sourcecode.swift; path = PlayerStatistics.swift; sourceTree = "<group>"; };
		FDEF8C291E74F18D00492121 /* StageLayout.swift */ = {isa = PBXFileReference; fileEncoding = 4; lastKnownFileType = sourcecode.swift; path = StageLayout.swift; sourceTree = "<group>"; };
		FDEF8C311E74FFB600492121 /* Level1.csv */ = {isa = PBXFileReference; fileEncoding = 4; lastKnownFileType = text; path = Level1.csv; sourceTree = "<group>"; };
/* End PBXFileReference section */

/* Begin PBXFrameworksBuildPhase section */
		FDEF8BF91E6DE35000492121 /* Frameworks */ = {
			isa = PBXFrameworksBuildPhase;
			buildActionMask = 2147483647;
			files = (
			);
			runOnlyForDeploymentPostprocessing = 0;
		};
/* End PBXFrameworksBuildPhase section */

/* Begin PBXGroup section */
		FD6F8BDA1E8218E30079A663 /* GameObjects */ = {
			isa = PBXGroup;
			children = (
				FDEF8C1D1E6DE97A00492121 /* SceneObstacles.swift */,
				FD6F8C041E881B210079A663 /* NonPlayerObjects */,
				FDEF8C251E70975400492121 /* Player */,
			);
			name = GameObjects;
			sourceTree = "<group>";
		};
		FD6F8BDB1E8219060079A663 /* Support */ = {
			isa = PBXGroup;
			children = (
				FDEF8C291E74F18D00492121 /* StageLayout.swift */,
				FD6F8C001E858E050079A663 /* UIExtensions.swift */,
				FDEF8C1F1E6E239B00492121 /* Constants.swift */,
				FDEF8BFF1E6DE35000492121 /* AppDelegate.swift */,
				FDEF8C0C1E6DE35000492121 /* Assets.xcassets */,
				FDEF8C091E6DE35000492121 /* Main.storyboard */,
				FD07341B1E776B6F004D2591 /* TileSet.sks */,
				FDEF8C031E6DE35000492121 /* Actions.sks */,
				FDEF8C0E1E6DE35000492121 /* LaunchScreen.storyboard */,
				FDEF8C111E6DE35000492121 /* Info.plist */,
			);
			name = Support;
			sourceTree = "<group>";
		};
		FD6F8BE61E82BAF70079A663 /* Views */ = {
			isa = PBXGroup;
			children = (
				FD6F8BE71E82BB2A0079A663 /* HudInterface */,
				FD6F8BDC1E821E2D0079A663 /* MainViewController.swift */,
				FD6F8BF41E846F0E0079A663 /* LandingView */,
				FD6F8BF51E846F1E0079A663 /* LevelSelectionView */,
				FD6F8BF61E846F2B0079A663 /* CreditView */,
				FD6F8BF71E846F350079A663 /* GameLevelView */,
			);
			name = Views;
			sourceTree = "<group>";
		};
		FD6F8BE71E82BB2A0079A663 /* HudInterface */ = {
			isa = PBXGroup;
			children = (
				FDEF8C1B1E6DE89E00492121 /* HudLayer.swift */,
				FD6F8C071E8AA76C0079A663 /* HudHealthBar.swift */,
			);
			name = HudInterface;
			sourceTree = "<group>";
		};
		FD6F8BF41E846F0E0079A663 /* LandingView */ = {
			isa = PBXGroup;
			children = (
				FD6F8BDE1E821E870079A663 /* LandingViewController.swift */,
				FD6F8BE21E821EE30079A663 /* LandingView.swift */,
			);
			name = LandingView;
			sourceTree = "<group>";
		};
		FD6F8BF51E846F1E0079A663 /* LevelSelectionView */ = {
			isa = PBXGroup;
			children = (
				FD6F8BEA1E8432860079A663 /* LevelSelectionViewController.swift */,
				FD6F8BEC1E8432B50079A663 /* LevelSelectionView.swift */,
				FD6F8BF01E845C5D0079A663 /* LevelSelectionCollectionViewCell.swift */,
			);
			name = LevelSelectionView;
			sourceTree = "<group>";
		};
		FD6F8BF61E846F2B0079A663 /* CreditView */ = {
			isa = PBXGroup;
			children = (
				FD6F8BE01E821EAC0079A663 /* CreditViewController.swift */,
				FD6F8BE41E821F100079A663 /* CreditView.swift */,
			);
			name = CreditView;
			sourceTree = "<group>";
		};
		FD6F8BF71E846F350079A663 /* GameLevelView */ = {
			isa = PBXGroup;
			children = (
				FDEF8C071E6DE35000492121 /* GameLevelViewController.swift */,
				FDEF8C051E6DE35000492121 /* GameLevelScene.swift */,
				FD6F8BFA1E8473F70079A663 /* GameLevelCompleteView.swift */,
				FD6F8BE81E8431440079A663 /* GameLevelMenuView.swift */,
				FD6F8C051E88502B0079A663 /* GameLevelOverView.swift */,
			);
			name = GameLevelView;
			sourceTree = "<group>";
		};
		FD6F8C041E881B210079A663 /* NonPlayerObjects */ = {
			isa = PBXGroup;
			children = (
				FDEF8C191E6DE41200492121 /* Obstacle.swift */,
				FD6F8BFC1E84C04C0079A663 /* FinishLine.swift */,
			);
			name = NonPlayerObjects;
			sourceTree = "<group>";
		};
		FDEF8BF31E6DE35000492121 = {
			isa = PBXGroup;
			children = (
				FDEF8BFE1E6DE35000492121 /* Tread */,
				FDEF8BFD1E6DE35000492121 /* Products */,
			);
			sourceTree = "<group>";
		};
		FDEF8BFD1E6DE35000492121 /* Products */ = {
			isa = PBXGroup;
			children = (
				FDEF8BFC1E6DE35000492121 /* Tread.app */,
			);
			name = Products;
			sourceTree = "<group>";
		};
		FDEF8BFE1E6DE35000492121 /* Tread */ = {
			isa = PBXGroup;
			children = (
				FDEF8C331E75DA0800492121 /* StageCSV */,
				FD6F8BDA1E8218E30079A663 /* GameObjects */,
				FD6F8BE61E82BAF70079A663 /* Views */,
				FD6F8BDB1E8219060079A663 /* Support */,
			);
			path = Tread;
			sourceTree = "<group>";
		};
		FDEF8C251E70975400492121 /* Player */ = {
			isa = PBXGroup;
			children = (
				FDEF8C171E6DE3D000492121 /* Player.swift */,
				FDEF8C231E70943400492121 /* PlayerSprite.swift */,
				FDEF8C281E71E03100492121 /* PlayerStatistics */,
			);
			name = Player;
			sourceTree = "<group>";
		};
		FDEF8C281E71E03100492121 /* PlayerStatistics */ = {
			isa = PBXGroup;
			children = (
				FDEF8C261E7097AE00492121 /* PlayerStatistics.swift */,
				FDEF8C211E6E62A600492121 /* HealthController.swift */,
			);
			name = PlayerStatistics;
			sourceTree = "<group>";
		};
		FDEF8C331E75DA0800492121 /* StageCSV */ = {
			isa = PBXGroup;
			children = (
				FD6F8BF81E8470090079A663 /* LevelSelectionInfo.swift */,
				FDEF8C311E74FFB600492121 /* Level1.csv */,
				FD6F8BEE1E8449530079A663 /* Level2.csv */,
				FD6F8BF21E8464B70079A663 /* Level3.csv */,
				FD6F8BFE1E856D160079A663 /* Level4.csv */,
				FD6F8C021E85F4B60079A663 /* Level5.csv */,
			);
			name = StageCSV;
			sourceTree = "<group>";
		};
/* End PBXGroup section */

/* Begin PBXNativeTarget section */
		FDEF8BFB1E6DE35000492121 /* Tread */ = {
			isa = PBXNativeTarget;
			buildConfigurationList = FDEF8C141E6DE35000492121 /* Build configuration list for PBXNativeTarget "Tread" */;
			buildPhases = (
				FDEF8BF81E6DE35000492121 /* Sources */,
				FDEF8BF91E6DE35000492121 /* Frameworks */,
				FDEF8BFA1E6DE35000492121 /* Resources */,
			);
			buildRules = (
			);
			dependencies = (
			);
			name = Tread;
			productName = Tread;
			productReference = FDEF8BFC1E6DE35000492121 /* Tread.app */;
			productType = "com.apple.product-type.application";
		};
/* End PBXNativeTarget section */

/* Begin PBXProject section */
		FDEF8BF41E6DE35000492121 /* Project object */ = {
			isa = PBXProject;
			attributes = {
				LastSwiftUpdateCheck = 0820;
				LastUpgradeCheck = 0820;
				ORGANIZATIONNAME = "Benjamin Su";
				TargetAttributes = {
					FDEF8BFB1E6DE35000492121 = {
						CreatedOnToolsVersion = 8.2.1;
						DevelopmentTeam = Y7JKK8T2ED;
						ProvisioningStyle = Automatic;
					};
				};
			};
			buildConfigurationList = FDEF8BF71E6DE35000492121 /* Build configuration list for PBXProject "Tread" */;
			compatibilityVersion = "Xcode 3.2";
			developmentRegion = English;
			hasScannedForEncodings = 0;
			knownRegions = (
				en,
				Base,
			);
			mainGroup = FDEF8BF31E6DE35000492121;
			productRefGroup = FDEF8BFD1E6DE35000492121 /* Products */;
			projectDirPath = "";
			projectRoot = "";
			targets = (
				FDEF8BFB1E6DE35000492121 /* Tread */,
			);
		};
/* End PBXProject section */

/* Begin PBXResourcesBuildPhase section */
		FDEF8BFA1E6DE35000492121 /* Resources */ = {
			isa = PBXResourcesBuildPhase;
			buildActionMask = 2147483647;
			files = (
				FDEF8C0B1E6DE35000492121 /* Main.storyboard in Resources */,
				FD6F8BFF1E856D160079A663 /* Level4.csv in Resources */,
				FD6F8BF31E8464B70079A663 /* Level3.csv in Resources */,
				FD6F8BEF1E8449530079A663 /* Level2.csv in Resources */,
				FDEF8C0D1E6DE35000492121 /* Assets.xcassets in Resources */,
				FD6F8C031E85F4B60079A663 /* Level5.csv in Resources */,
				FDEF8C321E74FFB600492121 /* Level1.csv in Resources */,
				FD07341C1E776B6F004D2591 /* TileSet.sks in Resources */,
				FDEF8C101E6DE35000492121 /* LaunchScreen.storyboard in Resources */,
				FDEF8C041E6DE35000492121 /* Actions.sks in Resources */,
			);
			runOnlyForDeploymentPostprocessing = 0;
		};
/* End PBXResourcesBuildPhase section */

/* Begin PBXSourcesBuildPhase section */
		FDEF8BF81E6DE35000492121 /* Sources */ = {
			isa = PBXSourcesBuildPhase;
			buildActionMask = 2147483647;
			files = (
				FD6F8BEB1E8432860079A663 /* LevelSelectionViewController.swift in Sources */,
				FDEF8C181E6DE3D000492121 /* Player.swift in Sources */,
				FD6F8BDD1E821E2D0079A663 /* MainViewController.swift in Sources */,
				FD6F8C061E88502B0079A663 /* GameLevelOverView.swift in Sources */,
				FD6F8BE11E821EAC0079A663 /* CreditViewController.swift in Sources */,
				FDEF8C221E6E62A600492121 /* HealthController.swift in Sources */,
				FD6F8BE31E821EE30079A663 /* LandingView.swift in Sources */,
				FDEF8C2A1E74F18D00492121 /* StageLayout.swift in Sources */,
				FD6F8BFB1E8473F70079A663 /* GameLevelCompleteView.swift in Sources */,
				FD6F8C011E858E050079A663 /* UIExtensions.swift in Sources */,
				FDEF8C061E6DE35000492121 /* GameLevelScene.swift in Sources */,
				FDEF8C271E7097AE00492121 /* PlayerStatistics.swift in Sources */,
				FD6F8BF91E8470090079A663 /* LevelSelectionInfo.swift in Sources */,
				FDEF8C1A1E6DE41200492121 /* Obstacle.swift in Sources */,
				FD6F8BFD1E84C04C0079A663 /* FinishLine.swift in Sources */,
				FD6F8BE91E8431440079A663 /* GameLevelMenuView.swift in Sources */,
				FD6F8C081E8AA76C0079A663 /* HudHealthBar.swift in Sources */,
				FD6F8BE51E821F100079A663 /* CreditView.swift in Sources */,
				FD6F8BED1E8432B50079A663 /* LevelSelectionView.swift in Sources */,
				FDEF8C1C1E6DE89E00492121 /* HudLayer.swift in Sources */,
				FD6F8BDF1E821E870079A663 /* LandingViewController.swift in Sources */,
				FDEF8C081E6DE35000492121 /* GameLevelViewController.swift in Sources */,
				FDEF8C001E6DE35000492121 /* AppDelegate.swift in Sources */,
				FDEF8C1E1E6DE97A00492121 /* SceneObstacles.swift in Sources */,
				FDEF8C201E6E239B00492121 /* Constants.swift in Sources */,
				FD6F8BF11E845C5D0079A663 /* LevelSelectionCollectionViewCell.swift in Sources */,
				FDEF8C241E70943400492121 /* PlayerSprite.swift in Sources */,
			);
			runOnlyForDeploymentPostprocessing = 0;
		};
/* End PBXSourcesBuildPhase section */

/* Begin PBXVariantGroup section */
		FDEF8C091E6DE35000492121 /* Main.storyboard */ = {
			isa = PBXVariantGroup;
			children = (
				FDEF8C0A1E6DE35000492121 /* Base */,
			);
			name = Main.storyboard;
			sourceTree = "<group>";
		};
		FDEF8C0E1E6DE35000492121 /* LaunchScreen.storyboard */ = {
			isa = PBXVariantGroup;
			children = (
				FDEF8C0F1E6DE35000492121 /* Base */,
			);
			name = LaunchScreen.storyboard;
			sourceTree = "<group>";
		};
/* End PBXVariantGroup section */

/* Begin XCBuildConfiguration section */
		FDEF8C121E6DE35000492121 /* Debug */ = {
			isa = XCBuildConfiguration;
			buildSettings = {
				ALWAYS_SEARCH_USER_PATHS = NO;
				CLANG_ANALYZER_NONNULL = YES;
				CLANG_CXX_LANGUAGE_STANDARD = "gnu++0x";
				CLANG_CXX_LIBRARY = "libc++";
				CLANG_ENABLE_MODULES = YES;
				CLANG_ENABLE_OBJC_ARC = YES;
				CLANG_WARN_BOOL_CONVERSION = YES;
				CLANG_WARN_CONSTANT_CONVERSION = YES;
				CLANG_WARN_DIRECT_OBJC_ISA_USAGE = YES_ERROR;
				CLANG_WARN_DOCUMENTATION_COMMENTS = YES;
				CLANG_WARN_EMPTY_BODY = YES;
				CLANG_WARN_ENUM_CONVERSION = YES;
				CLANG_WARN_INFINITE_RECURSION = YES;
				CLANG_WARN_INT_CONVERSION = YES;
				CLANG_WARN_OBJC_ROOT_CLASS = YES_ERROR;
				CLANG_WARN_SUSPICIOUS_MOVE = YES;
				CLANG_WARN_UNREACHABLE_CODE = YES;
				CLANG_WARN__DUPLICATE_METHOD_MATCH = YES;
				"CODE_SIGN_IDENTITY[sdk=iphoneos*]" = "iPhone Developer";
				COPY_PHASE_STRIP = NO;
				DEBUG_INFORMATION_FORMAT = dwarf;
				ENABLE_STRICT_OBJC_MSGSEND = YES;
				ENABLE_TESTABILITY = YES;
				GCC_C_LANGUAGE_STANDARD = gnu99;
				GCC_DYNAMIC_NO_PIC = NO;
				GCC_NO_COMMON_BLOCKS = YES;
				GCC_OPTIMIZATION_LEVEL = 0;
				GCC_PREPROCESSOR_DEFINITIONS = (
					"DEBUG=1",
					"$(inherited)",
				);
				GCC_WARN_64_TO_32_BIT_CONVERSION = YES;
				GCC_WARN_ABOUT_RETURN_TYPE = YES_ERROR;
				GCC_WARN_UNDECLARED_SELECTOR = YES;
				GCC_WARN_UNINITIALIZED_AUTOS = YES_AGGRESSIVE;
				GCC_WARN_UNUSED_FUNCTION = YES;
				GCC_WARN_UNUSED_VARIABLE = YES;
				IPHONEOS_DEPLOYMENT_TARGET = 10.2;
				MTL_ENABLE_DEBUG_INFO = YES;
				ONLY_ACTIVE_ARCH = YES;
				SDKROOT = iphoneos;
				SWIFT_ACTIVE_COMPILATION_CONDITIONS = DEBUG;
				SWIFT_OPTIMIZATION_LEVEL = "-Onone";
				TARGETED_DEVICE_FAMILY = "1,2";
			};
			name = Debug;
		};
		FDEF8C131E6DE35000492121 /* Release */ = {
			isa = XCBuildConfiguration;
			buildSettings = {
				ALWAYS_SEARCH_USER_PATHS = NO;
				CLANG_ANALYZER_NONNULL = YES;
				CLANG_CXX_LANGUAGE_STANDARD = "gnu++0x";
				CLANG_CXX_LIBRARY = "libc++";
				CLANG_ENABLE_MODULES = YES;
				CLANG_ENABLE_OBJC_ARC = YES;
				CLANG_WARN_BOOL_CONVERSION = YES;
				CLANG_WARN_CONSTANT_CONVERSION = YES;
				CLANG_WARN_DIRECT_OBJC_ISA_USAGE = YES_ERROR;
				CLANG_WARN_DOCUMENTATION_COMMENTS = YES;
				CLANG_WARN_EMPTY_BODY = YES;
				CLANG_WARN_ENUM_CONVERSION = YES;
				CLANG_WARN_INFINITE_RECURSION = YES;
				CLANG_WARN_INT_CONVERSION = YES;
				CLANG_WARN_OBJC_ROOT_CLASS = YES_ERROR;
				CLANG_WARN_SUSPICIOUS_MOVE = YES;
				CLANG_WARN_UNREACHABLE_CODE = YES;
				CLANG_WARN__DUPLICATE_METHOD_MATCH = YES;
				"CODE_SIGN_IDENTITY[sdk=iphoneos*]" = "iPhone Developer";
				COPY_PHASE_STRIP = NO;
				DEBUG_INFORMATION_FORMAT = "dwarf-with-dsym";
				ENABLE_NS_ASSERTIONS = NO;
				ENABLE_STRICT_OBJC_MSGSEND = YES;
				GCC_C_LANGUAGE_STANDARD = gnu99;
				GCC_NO_COMMON_BLOCKS = YES;
				GCC_WARN_64_TO_32_BIT_CONVERSION = YES;
				GCC_WARN_ABOUT_RETURN_TYPE = YES_ERROR;
				GCC_WARN_UNDECLARED_SELECTOR = YES;
				GCC_WARN_UNINITIALIZED_AUTOS = YES_AGGRESSIVE;
				GCC_WARN_UNUSED_FUNCTION = YES;
				GCC_WARN_UNUSED_VARIABLE = YES;
				IPHONEOS_DEPLOYMENT_TARGET = 10.2;
				MTL_ENABLE_DEBUG_INFO = NO;
				SDKROOT = iphoneos;
				SWIFT_OPTIMIZATION_LEVEL = "-Owholemodule";
				TARGETED_DEVICE_FAMILY = "1,2";
				VALIDATE_PRODUCT = YES;
			};
			name = Release;
		};
		FDEF8C151E6DE35000492121 /* Debug */ = {
			isa = XCBuildConfiguration;
			buildSettings = {
				ASSETCATALOG_COMPILER_APPICON_NAME = AppIcon;
				DEVELOPMENT_TEAM = Y7JKK8T2ED;
				INFOPLIST_FILE = Tread/Info.plist;
				LD_RUNPATH_SEARCH_PATHS = "$(inherited) @executable_path/Frameworks";
				PRODUCT_BUNDLE_IDENTIFIER = BS.Tread;
				PRODUCT_NAME = "$(TARGET_NAME)";
				SWIFT_VERSION = 3.0;
			};
			name = Debug;
		};
		FDEF8C161E6DE35000492121 /* Release */ = {
			isa = XCBuildConfiguration;
			buildSettings = {
				ASSETCATALOG_COMPILER_APPICON_NAME = AppIcon;
				DEVELOPMENT_TEAM = Y7JKK8T2ED;
				INFOPLIST_FILE = Tread/Info.plist;
				LD_RUNPATH_SEARCH_PATHS = "$(inherited) @executable_path/Frameworks";
				PRODUCT_BUNDLE_IDENTIFIER = BS.Tread;
				PRODUCT_NAME = "$(TARGET_NAME)";
				SWIFT_VERSION = 3.0;
			};
			name = Release;
		};
/* End XCBuildConfiguration section */

/* Begin XCConfigurationList section */
		FDEF8BF71E6DE35000492121 /* Build configuration list for PBXProject "Tread" */ = {
			isa = XCConfigurationList;
			buildConfigurations = (
				FDEF8C121E6DE35000492121 /* Debug */,
				FDEF8C131E6DE35000492121 /* Release */,
			);
			defaultConfigurationIsVisible = 0;
			defaultConfigurationName = Release;
		};
		FDEF8C141E6DE35000492121 /* Build configuration list for PBXNativeTarget "Tread" */ = {
			isa = XCConfigurationList;
			buildConfigurations = (
				FDEF8C151E6DE35000492121 /* Debug */,
				FDEF8C161E6DE35000492121 /* Release */,
			);
			defaultConfigurationIsVisible = 0;
			defaultConfigurationName = Release;
		};
/* End XCConfigurationList section */
	};
	rootObject = FDEF8BF41E6DE35000492121 /* Project object */;
}
